
Microsoft Visual Studio Solution File, Format Version 12.00
# Visual Studio Version 16
VisualStudioVersion = 16.0.29911.84
MinimumVisualStudioVersion = 10.0.40219.1
Project("{FAE04EC0-301F-11D3-BF4B-00C04F79EFBC}") = "PlantsApp", "PlantsApp.csproj", "{275A183C-3065-44B6-B098-F71FE28C3FD4}"
EndProject
Global
	GlobalSection(SolutionConfigurationPlatforms) = preSolution
		Debug|Any CPU = Debug|Any CPU
		Release|Any CPU = Release|Any CPU
	EndGlobalSection
	GlobalSection(ProjectConfigurationPlatforms) = postSolution
		{275A183C-3065-44B6-B098-F71FE28C3FD4}.Debug|Any CPU.ActiveCfg = Debug|Any CPU
		{275A183C-3065-44B6-B098-F71FE28C3FD4}.Debug|Any CPU.Build.0 = Debug|Any CPU
		{275A183C-3065-44B6-B098-F71FE28C3FD4}.Release|Any CPU.ActiveCfg = Release|Any CPU
		{275A183C-3065-44B6-B098-F71FE28C3FD4}.Release|Any CPU.Build.0 = Release|Any CPU
	EndGlobalSection
	GlobalSection(SolutionProperties) = preSolution
		HideSolutionNode = FALSE
	EndGlobalSection
	GlobalSection(ExtensibilityGlobals) = postSolution
		SolutionGuid = {C1D607F7-AA6C-4AF8-9080-CF0F5BF6D0FE}
	EndGlobalSection
EndGlobal
