
Microsoft Visual Studio Solution File, Format Version 12.00
# Visual Studio Version 16
VisualStudioVersion = 16.0.29911.84
MinimumVisualStudioVersion = 10.0.40219.1
Project("{9A19103F-16F7-4668-BE54-9A1E7A4F7556}") = "PlantsApp", "PlantsApp.csproj", "{301A11FA-6DFF-4D7E-B676-AC07B96C4439}"
EndProject
Project("{FAE04EC0-301F-11D3-BF4B-00C04F79EFBC}") = "XUnitTestProject", "..\XUnitTestProject\XUnitTestProject.csproj", "{2237BEF0-6CD8-4F2D-8983-4077240DAB1F}"
EndProject
Global
	GlobalSection(SolutionConfigurationPlatforms) = preSolution
		Debug|Any CPU = Debug|Any CPU
		Release|Any CPU = Release|Any CPU
	EndGlobalSection
	GlobalSection(ProjectConfigurationPlatforms) = postSolution
		{301A11FA-6DFF-4D7E-B676-AC07B96C4439}.Debug|Any CPU.ActiveCfg = Debug|Any CPU
		{301A11FA-6DFF-4D7E-B676-AC07B96C4439}.Debug|Any CPU.Build.0 = Debug|Any CPU
		{301A11FA-6DFF-4D7E-B676-AC07B96C4439}.Release|Any CPU.ActiveCfg = Release|Any CPU
		{301A11FA-6DFF-4D7E-B676-AC07B96C4439}.Release|Any CPU.Build.0 = Release|Any CPU
		{2237BEF0-6CD8-4F2D-8983-4077240DAB1F}.Debug|Any CPU.ActiveCfg = Debug|Any CPU
		{2237BEF0-6CD8-4F2D-8983-4077240DAB1F}.Debug|Any CPU.Build.0 = Debug|Any CPU
		{2237BEF0-6CD8-4F2D-8983-4077240DAB1F}.Release|Any CPU.ActiveCfg = Release|Any CPU
		{2237BEF0-6CD8-4F2D-8983-4077240DAB1F}.Release|Any CPU.Build.0 = Release|Any CPU
	EndGlobalSection
	GlobalSection(SolutionProperties) = preSolution
		HideSolutionNode = FALSE
	EndGlobalSection
	GlobalSection(ExtensibilityGlobals) = postSolution
		SolutionGuid = {3B3BB5DA-6D21-4B13-84AB-DB1134B0547F}
	EndGlobalSection
EndGlobal
